# THIS IS AN AUTOGENERATED FILE. DO NOT EDIT THIS FILE DIRECTLY.
# yarn lockfile v1


base32.js@0.0.1:
  version "0.0.1"
  resolved "https://registry.yarnpkg.com/base32.js/-/base32.js-0.0.1.tgz#d045736a57b1f6c139f0c7df42518a84e91bb2ba"

doctrine@^2.0.0:
  version "2.0.0"
  resolved "https://registry.yarnpkg.com/doctrine/-/doctrine-2.0.0.tgz#c73d8d2909d22291e1a007a395804da8b665fe63"
  dependencies:
    esutils "^2.0.2"
    isarray "^1.0.0"

eslint-plugin-react@^7.1.0:
  version "7.1.0"
  resolved "https://registry.yarnpkg.com/eslint-plugin-react/-/eslint-plugin-react-7.1.0.tgz#27770acf39f5fd49cd0af4083ce58104eb390d4c"
  dependencies:
    doctrine "^2.0.0"
    has "^1.0.1"
    jsx-ast-utils "^1.4.1"

esutils@^2.0.2:
  version "2.0.2"
  resolved "https://registry.yarnpkg.com/esutils/-/esutils-2.0.2.tgz#0abf4f1caa5bcb1f7a9d8acc6dea4faaa04bac9b"

function-bind@^1.0.2:
  version "1.1.0"
  resolved "https://registry.yarnpkg.com/function-bind/-/function-bind-1.1.0.tgz#16176714c801798e4e8f2cf7f7529467bb4a5771"

has@^1.0.1:
  version "1.0.1"
  resolved "https://registry.yarnpkg.com/has/-/has-1.0.1.tgz#8461733f538b0837c9361e39a9ab9e9704dc2f28"
  dependencies:
    function-bind "^1.0.2"

isarray@^1.0.0:
  version "1.0.0"
  resolved "https://registry.yarnpkg.com/isarray/-/isarray-1.0.0.tgz#bb935d48582cba168c06834957a54a3e07124f11"

jsx-ast-utils@^1.4.1:
  version "1.4.1"
  resolved "https://registry.yarnpkg.com/jsx-ast-utils/-/jsx-ast-utils-1.4.1.tgz#3867213e8dd79bf1e8f2300c0cfc1efb182c0df1"

speakeasy@^2.0.0:
  version "2.0.0"
  resolved "https://registry.yarnpkg.com/speakeasy/-/speakeasy-2.0.0.tgz#85c91a071b09a5cb8642590d983566165f57613a"
  dependencies:
    base32.js "0.0.1"
